
Microsoft Visual Studio Solution File, Format Version 12.00
# Visual Studio Version 17
VisualStudioVersion = 17.2.32630.192
MinimumVisualStudioVersion = 10.0.40219.1
Project("{FAE04EC0-301F-11D3-BF4B-00C04F79EFBC}") = "LinearEquationsSolver", "LinearEquationsSolver\LinearEquationsSolver.csproj", "{B39F3EB1-58DE-41FB-A4B4-A4FFE87AF290}"
EndProject
Global
	GlobalSection(SolutionConfigurationPlatforms) = preSolution
		Debug|Any CPU = Debug|Any CPU
		Release|Any CPU = Release|Any CPU
	EndGlobalSection
	GlobalSection(ProjectConfigurationPlatforms) = postSolution
		{B39F3EB1-58DE-41FB-A4B4-A4FFE87AF290}.Debug|Any CPU.ActiveCfg = Debug|Any CPU
		{B39F3EB1-58DE-41FB-A4B4-A4FFE87AF290}.Debug|Any CPU.Build.0 = Debug|Any CPU
		{B39F3EB1-58DE-41FB-A4B4-A4FFE87AF290}.Release|Any CPU.ActiveCfg = Release|Any CPU
		{B39F3EB1-58DE-41FB-A4B4-A4FFE87AF290}.Release|Any CPU.Build.0 = Release|Any CPU
	EndGlobalSection
	GlobalSection(SolutionProperties) = preSolution
		HideSolutionNode = FALSE
	EndGlobalSection
	GlobalSection(ExtensibilityGlobals) = postSolution
		SolutionGuid = {E177E7C5-A764-4C71-BF85-AA6DD98AA367}
	EndGlobalSection
EndGlobal
